{
	"name": "jsonc-parser-vsc",
	"version": "1.0.8",
	"lockfileVersion": 3,
	"requires": true,
	"packages": {
		"": {
			"name": "jsonc-parser-vsc",
			"version": "1.0.8",
			"license": "UNLICENSED",
			"dependencies": {
				"@types/vscode": "^1.85.0",
				"jsonc-parser": "^3.2.0"
			}
		},
		"node_modules/@types/vscode": {
			"version": "1.85.0",
			"resolved": "https://registry.npmjs.org/@types/vscode/-/vscode-1.85.0.tgz",
			"integrity": "sha512-CF/RBon/GXwdfmnjZj0WTUMZN5H6YITOfBCP4iEZlOtVQXuzw6t7Le7+cR+7JzdMrnlm7Mfp49Oj2TuSXIWo3g=="
		},
		"node_modules/jsonc-parser": {
			"version": "3.2.0",
			"resolved": "https://registry.npmjs.org/jsonc-parser/-/jsonc-parser-3.2.0.tgz",
			"integrity": "sha512-gfFQZrcTc8CnKXp6Y4/CBT3fTc0OVuDofpre4aEeEpSBPV5X5v4+Vmx+8snU7RLPrNHPKSgLxGo9YuQzz20o+w=="
		}
	}
}
